
Microsoft Visual Studio Solution File, Format Version 12.00
# Visual Studio Version 17
VisualStudioVersion = 17.14.36212.18 d17.14
MinimumVisualStudioVersion = 10.0.40219.1
Project("{8BC9CEB8-8B4A-11D0-8D11-00A0C91BC942}") = "HandleDuplicateFiles", "HandleDuplicateFiles.vcxproj", "{91CBB44C-2A8E-4261-AAB9-2751EF0FBF86}"
EndProject
Global
	GlobalSection(SolutionConfigurationPlatforms) = preSolution
		Debug|x64 = Debug|x64
		Debug|x86 = Debug|x86
		Release|x64 = Release|x64
		Release|x86 = Release|x86
	EndGlobalSection
	GlobalSection(ProjectConfigurationPlatforms) = postSolution
		{91CBB44C-2A8E-4261-AAB9-2751EF0FBF86}.Debug|x64.ActiveCfg = Debug|x64
		{91CBB44C-2A8E-4261-AAB9-2751EF0FBF86}.Debug|x64.Build.0 = Debug|x64
		{91CBB44C-2A8E-4261-AAB9-2751EF0FBF86}.Debug|x86.ActiveCfg = Debug|Win32
		{91CBB44C-2A8E-4261-AAB9-2751EF0FBF86}.Debug|x86.Build.0 = Debug|Win32
		{91CBB44C-2A8E-4261-AAB9-2751EF0FBF86}.Release|x64.ActiveCfg = Release|x64
		{91CBB44C-2A8E-4261-AAB9-2751EF0FBF86}.Release|x64.Build.0 = Release|x64
		{91CBB44C-2A8E-4261-AAB9-2751EF0FBF86}.Release|x86.ActiveCfg = Release|Win32
		{91CBB44C-2A8E-4261-AAB9-2751EF0FBF86}.Release|x86.Build.0 = Release|Win32
	EndGlobalSection
	GlobalSection(SolutionProperties) = preSolution
		HideSolutionNode = FALSE
	EndGlobalSection
	GlobalSection(ExtensibilityGlobals) = postSolution
		SolutionGuid = {583FBBC2-9325-426E-BE1B-65BBA419148E}
	EndGlobalSection
EndGlobal
